dependencies:
- name: zookeeper
  repository: https://charts.bitnami.com/bitnami
  version: 11.4.11
- name: common
  repository: https://charts.bitnami.com/bitnami
  version: 2.19.2
digest: sha256:c3dfc88abb7945ba3e65c0cf7bc0075fad1c2f1481d0689db051ece5cb32c867
generated: "2024-05-02T09:38:07.387077801Z"
